<?xml version="1.0" encoding="utf-8"?>
<Project ToolsVersion="4.0" xmlns="http://schemas.microsoft.com/developer/msbuild/2003">
  <ItemGroup>
    <Filter Include="Source Files">
      <UniqueIdentifier>{4FC737F1-C7A5-4376-A066-2A32D752A2FF}</UniqueIdentifier>
      <Extensions>cpp;c;cc;cxx;def;odl;idl;hpj;bat;asm;asmx</Extensions>
    </Filter>
    <Filter Include="Resource Files">
      <UniqueIdentifier>{67DA6AB6-F800-4c08-8B7A-83BB121AAD01}</UniqueIdentifier>
      <Extensions>rc;ico;cur;bmp;dlg;rc2;rct;bin;rgs;gif;jpg;jpeg;jpe;resx;tiff;tif;png;wav;mfcribbon-ms</Extensions>
    </Filter>
    <Filter Include="Source Files\Math">
      <UniqueIdentifier>{1b72daf2-99c1-4a5b-ad09-0f9bfe3cd5ba}</UniqueIdentifier>
    </Filter>
    <Filter Include="Source Files\Math\Private">
      <UniqueIdentifier>{44cae01f-16f8-4c38-80f5-ff4f5e8ac673}</UniqueIdentifier>
    </Filter>
    <Filter Include="Source Files\Math\Public">
      <UniqueIdentifier>{785e21b1-4791-470f-b054-b5a974c7696b}</UniqueIdentifier>
    </Filter>
    <Filter Include="Source Files\Object">
      <UniqueIdentifier>{5e93c8d5-6498-4abc-8638-724c5642aca0}</UniqueIdentifier>
    </Filter>
    <Filter Include="Source Files\Object\Public">
      <UniqueIdentifier>{a1d9d54f-7976-4cf3-a033-4602f87720c9}</UniqueIdentifier>
    </Filter>
    <Filter Include="Source Files\Object\Private">
      <UniqueIdentifier>{fae7dfe9-8c08-4eb9-8bae-eb7b50010f79}</UniqueIdentifier>
    </Filter>
    <Filter Include="Source Files\Camera">
      <UniqueIdentifier>{572c37a4-9576-4e09-9400-8a80a88b1699}</UniqueIdentifier>
    </Filter>
    <Filter Include="Source Files\Camera\Public">
      <UniqueIdentifier>{d8597fa8-09db-4bb3-b809-7cd40ce03781}</UniqueIdentifier>
    </Filter>
    <Filter Include="Source Files\Camera\Private">
      <UniqueIdentifier>{2b5e854f-6276-4f28-95c1-1d24ed65c161}</UniqueIdentifier>
    </Filter>
    <Filter Include="Source Files\Scene">
      <UniqueIdentifier>{531b6534-7e97-4891-91b1-8e9663531ea6}</UniqueIdentifier>
    </Filter>
    <Filter Include="Source Files\Scene\Public">
      <UniqueIdentifier>{ad68d231-0d10-47ff-b2a3-44624f3ac043}</UniqueIdentifier>
    </Filter>
    <Filter Include="Source Files\Scene\Private">
      <UniqueIdentifier>{8b2c16ca-7bbe-4951-8951-e9abec16a42f}</UniqueIdentifier>
    </Filter>
    <Filter Include="Source Files\Light">
      <UniqueIdentifier>{039428ac-6d6b-4613-b050-696a27c833c0}</UniqueIdentifier>
    </Filter>
    <Filter Include="Source Files\Light\Public">
      <UniqueIdentifier>{27a73fc9-d61a-4342-881c-641aca8e3dcd}</UniqueIdentifier>
    </Filter>
    <Filter Include="Source Files\Light\Private">
      <UniqueIdentifier>{68057739-fe23-4358-b15f-cfade0a1fb60}</UniqueIdentifier>
    </Filter>
    <Filter Include="Source Files\Render">
      <UniqueIdentifier>{a5391430-691b-4a8c-bc25-8dfeb39092c4}</UniqueIdentifier>
    </Filter>
    <Filter Include="Source Files\Render\Public">
      <UniqueIdentifier>{c1fe7d5b-f952-4bf0-9dbb-ff1095e72172}</UniqueIdentifier>
    </Filter>
    <Filter Include="Source Files\Render\Private">
      <UniqueIdentifier>{81eeace1-d9f3-499d-9231-aa46fb5af2a6}</UniqueIdentifier>
    </Filter>
  </ItemGroup>
  <ItemGroup>
    <ClInclude Include="Vector3.h">
      <Filter>Source Files\Math\Public</Filter>
    </ClInclude>
    <ClInclude Include="Vector2.h">
      <Filter>Source Files\Math\Public</Filter>
    </ClInclude>
    <ClInclude Include="Vector4.h">
      <Filter>Source Files\Math\Public</Filter>
    </ClInclude>
  </ItemGroup>
  <ItemGroup>
    <ClCompile Include="Vector3.cpp">
      <Filter>Source Files\Math\Private</Filter>
    </ClCompile>
    <ClCompile Include="Main.cpp">
      <Filter>Source Files</Filter>
    </ClCompile>
    <ClCompile Include="Vector2.cpp">
      <Filter>Source Files\Math\Private</Filter>
    </ClCompile>
    <ClCompile Include="Vector4.cpp">
      <Filter>Source Files\Math\Private</Filter>
    </ClCompile>
  </ItemGroup>
</Project>